
Microsoft Visual Studio Solution File, Format Version 12.00
# Visual Studio Version 16
VisualStudioVersion = 16.0.30114.105
MinimumVisualStudioVersion = 10.0.40219.1
Project("{FAE04EC0-301F-11D3-BF4B-00C04F79EFBC}") = "application", "APP.Application\application.csproj", "{B8974975-EFBB-4365-9BF0-359100DA5A50}"
EndProject
Project("{FAE04EC0-301F-11D3-BF4B-00C04F79EFBC}") = "Domain", "APP.Domain\Domain.csproj", "{5BC65B8A-2945-45D6-A4A8-2F49EF13973D}"
EndProject
Project("{FAE04EC0-301F-11D3-BF4B-00C04F79EFBC}") = "CrossCutting", "APP.CrossCutting\CrossCutting.csproj", "{7E7F9F66-2332-46B5-BA65-C7504D3759D6}"
EndProject
Project("{FAE04EC0-301F-11D3-BF4B-00C04F79EFBC}") = "Data", "APP.Data\Data.csproj", "{247F58D7-F6DE-445B-8AC6-39D80D3BAA94}"
EndProject
Project("{FAE04EC0-301F-11D3-BF4B-00C04F79EFBC}") = "Service", "APP.Service\Service.csproj", "{C2EA10A1-D4A2-4871-9FF5-EBAF4A3119D3}"
EndProject
Global
	GlobalSection(SolutionConfigurationPlatforms) = preSolution
		Debug|Any CPU = Debug|Any CPU
		Debug|x64 = Debug|x64
		Debug|x86 = Debug|x86
		Release|Any CPU = Release|Any CPU
		Release|x64 = Release|x64
		Release|x86 = Release|x86
	EndGlobalSection
	GlobalSection(SolutionProperties) = preSolution
		HideSolutionNode = FALSE
	EndGlobalSection
	GlobalSection(ProjectConfigurationPlatforms) = postSolution
		{B8974975-EFBB-4365-9BF0-359100DA5A50}.Debug|Any CPU.ActiveCfg = Debug|Any CPU
		{B8974975-EFBB-4365-9BF0-359100DA5A50}.Debug|Any CPU.Build.0 = Debug|Any CPU
		{B8974975-EFBB-4365-9BF0-359100DA5A50}.Debug|x64.ActiveCfg = Debug|Any CPU
		{B8974975-EFBB-4365-9BF0-359100DA5A50}.Debug|x64.Build.0 = Debug|Any CPU
		{B8974975-EFBB-4365-9BF0-359100DA5A50}.Debug|x86.ActiveCfg = Debug|Any CPU
		{B8974975-EFBB-4365-9BF0-359100DA5A50}.Debug|x86.Build.0 = Debug|Any CPU
		{B8974975-EFBB-4365-9BF0-359100DA5A50}.Release|Any CPU.ActiveCfg = Release|Any CPU
		{B8974975-EFBB-4365-9BF0-359100DA5A50}.Release|Any CPU.Build.0 = Release|Any CPU
		{B8974975-EFBB-4365-9BF0-359100DA5A50}.Release|x64.ActiveCfg = Release|Any CPU
		{B8974975-EFBB-4365-9BF0-359100DA5A50}.Release|x64.Build.0 = Release|Any CPU
		{B8974975-EFBB-4365-9BF0-359100DA5A50}.Release|x86.ActiveCfg = Release|Any CPU
		{B8974975-EFBB-4365-9BF0-359100DA5A50}.Release|x86.Build.0 = Release|Any CPU
		{5BC65B8A-2945-45D6-A4A8-2F49EF13973D}.Debug|Any CPU.ActiveCfg = Debug|Any CPU
		{5BC65B8A-2945-45D6-A4A8-2F49EF13973D}.Debug|Any CPU.Build.0 = Debug|Any CPU
		{5BC65B8A-2945-45D6-A4A8-2F49EF13973D}.Debug|x64.ActiveCfg = Debug|Any CPU
		{5BC65B8A-2945-45D6-A4A8-2F49EF13973D}.Debug|x64.Build.0 = Debug|Any CPU
		{5BC65B8A-2945-45D6-A4A8-2F49EF13973D}.Debug|x86.ActiveCfg = Debug|Any CPU
		{5BC65B8A-2945-45D6-A4A8-2F49EF13973D}.Debug|x86.Build.0 = Debug|Any CPU
		{5BC65B8A-2945-45D6-A4A8-2F49EF13973D}.Release|Any CPU.ActiveCfg = Release|Any CPU
		{5BC65B8A-2945-45D6-A4A8-2F49EF13973D}.Release|Any CPU.Build.0 = Release|Any CPU
		{5BC65B8A-2945-45D6-A4A8-2F49EF13973D}.Release|x64.ActiveCfg = Release|Any CPU
		{5BC65B8A-2945-45D6-A4A8-2F49EF13973D}.Release|x64.Build.0 = Release|Any CPU
		{5BC65B8A-2945-45D6-A4A8-2F49EF13973D}.Release|x86.ActiveCfg = Release|Any CPU
		{5BC65B8A-2945-45D6-A4A8-2F49EF13973D}.Release|x86.Build.0 = Release|Any CPU
		{7E7F9F66-2332-46B5-BA65-C7504D3759D6}.Debug|Any CPU.ActiveCfg = Debug|Any CPU
		{7E7F9F66-2332-46B5-BA65-C7504D3759D6}.Debug|Any CPU.Build.0 = Debug|Any CPU
		{7E7F9F66-2332-46B5-BA65-C7504D3759D6}.Debug|x64.ActiveCfg = Debug|Any CPU
		{7E7F9F66-2332-46B5-BA65-C7504D3759D6}.Debug|x64.Build.0 = Debug|Any CPU
		{7E7F9F66-2332-46B5-BA65-C7504D3759D6}.Debug|x86.ActiveCfg = Debug|Any CPU
		{7E7F9F66-2332-46B5-BA65-C7504D3759D6}.Debug|x86.Build.0 = Debug|Any CPU
		{7E7F9F66-2332-46B5-BA65-C7504D3759D6}.Release|Any CPU.ActiveCfg = Release|Any CPU
		{7E7F9F66-2332-46B5-BA65-C7504D3759D6}.Release|Any CPU.Build.0 = Release|Any CPU
		{7E7F9F66-2332-46B5-BA65-C7504D3759D6}.Release|x64.ActiveCfg = Release|Any CPU
		{7E7F9F66-2332-46B5-BA65-C7504D3759D6}.Release|x64.Build.0 = Release|Any CPU
		{7E7F9F66-2332-46B5-BA65-C7504D3759D6}.Release|x86.ActiveCfg = Release|Any CPU
		{7E7F9F66-2332-46B5-BA65-C7504D3759D6}.Release|x86.Build.0 = Release|Any CPU
		{247F58D7-F6DE-445B-8AC6-39D80D3BAA94}.Debug|Any CPU.ActiveCfg = Debug|Any CPU
		{247F58D7-F6DE-445B-8AC6-39D80D3BAA94}.Debug|Any CPU.Build.0 = Debug|Any CPU
		{247F58D7-F6DE-445B-8AC6-39D80D3BAA94}.Debug|x64.ActiveCfg = Debug|Any CPU
		{247F58D7-F6DE-445B-8AC6-39D80D3BAA94}.Debug|x64.Build.0 = Debug|Any CPU
		{247F58D7-F6DE-445B-8AC6-39D80D3BAA94}.Debug|x86.ActiveCfg = Debug|Any CPU
		{247F58D7-F6DE-445B-8AC6-39D80D3BAA94}.Debug|x86.Build.0 = Debug|Any CPU
		{247F58D7-F6DE-445B-8AC6-39D80D3BAA94}.Release|Any CPU.ActiveCfg = Release|Any CPU
		{247F58D7-F6DE-445B-8AC6-39D80D3BAA94}.Release|Any CPU.Build.0 = Release|Any CPU
		{247F58D7-F6DE-445B-8AC6-39D80D3BAA94}.Release|x64.ActiveCfg = Release|Any CPU
		{247F58D7-F6DE-445B-8AC6-39D80D3BAA94}.Release|x64.Build.0 = Release|Any CPU
		{247F58D7-F6DE-445B-8AC6-39D80D3BAA94}.Release|x86.ActiveCfg = Release|Any CPU
		{247F58D7-F6DE-445B-8AC6-39D80D3BAA94}.Release|x86.Build.0 = Release|Any CPU
		{C2EA10A1-D4A2-4871-9FF5-EBAF4A3119D3}.Debug|Any CPU.ActiveCfg = Debug|Any CPU
		{C2EA10A1-D4A2-4871-9FF5-EBAF4A3119D3}.Debug|Any CPU.Build.0 = Debug|Any CPU
		{C2EA10A1-D4A2-4871-9FF5-EBAF4A3119D3}.Debug|x64.ActiveCfg = Debug|Any CPU
		{C2EA10A1-D4A2-4871-9FF5-EBAF4A3119D3}.Debug|x64.Build.0 = Debug|Any CPU
		{C2EA10A1-D4A2-4871-9FF5-EBAF4A3119D3}.Debug|x86.ActiveCfg = Debug|Any CPU
		{C2EA10A1-D4A2-4871-9FF5-EBAF4A3119D3}.Debug|x86.Build.0 = Debug|Any CPU
		{C2EA10A1-D4A2-4871-9FF5-EBAF4A3119D3}.Release|Any CPU.ActiveCfg = Release|Any CPU
		{C2EA10A1-D4A2-4871-9FF5-EBAF4A3119D3}.Release|Any CPU.Build.0 = Release|Any CPU
		{C2EA10A1-D4A2-4871-9FF5-EBAF4A3119D3}.Release|x64.ActiveCfg = Release|Any CPU
		{C2EA10A1-D4A2-4871-9FF5-EBAF4A3119D3}.Release|x64.Build.0 = Release|Any CPU
		{C2EA10A1-D4A2-4871-9FF5-EBAF4A3119D3}.Release|x86.ActiveCfg = Release|Any CPU
		{C2EA10A1-D4A2-4871-9FF5-EBAF4A3119D3}.Release|x86.Build.0 = Release|Any CPU
	EndGlobalSection
EndGlobal
